{
  "name": "my-moves",
  "version": "1.0.0",
  "lockfileVersion": 3,
  "requires": true,
  "packages": {
    "": {
      "name": "my-moves",
      "version": "1.0.0",
      "license": "ISC",
      "workspaces": [
        "packages/webapp",
        "packages/server"
      ]
    },
    "node_modules/@my-moves/server": {
      "resolved": "packages/server",
      "link": true
    },
    "node_modules/@my-moves/webapp": {
      "resolved": "packages/webapp",
      "link": true
    },
    "packages/server": {
      "name": "@my-moves/server",
      "version": "1.0.0",
      "license": "ISC",
      "devDependencies": {}
    },
    "packages/webapp": {
      "name": "@my-moves/webapp",
      "version": "1.0.0",
      "license": "ISC",
      "dependencies": {
        "@my-moves/server": "*"
      }
    }
  }
}
